
Microsoft Visual Studio Solution File, Format Version 12.00
Project("{FAE04EC0-301F-11D3-BF4B-00C04F79EFBC}") = "ADO overview", "ADO overview\ADO overview.csproj", "{EB158526-9B04-4DAB-82CB-5722BE5C4770}"
EndProject
Project("{FAE04EC0-301F-11D3-BF4B-00C04F79EFBC}") = "ADO with layered architecture", "ADO with layered architecture\ADO with layered architecture.csproj", "{75A7F290-DA67-4813-8701-9BBBE8D0A1F5}"
EndProject
Project("{FAE04EC0-301F-11D3-BF4B-00C04F79EFBC}") = "EF Core Example", "EF Core Example\EF Core Example.csproj", "{010B61A9-FF1F-424E-BBED-32E80361C934}"
EndProject
Global
	GlobalSection(SolutionConfigurationPlatforms) = preSolution
		Debug|Any CPU = Debug|Any CPU
		Release|Any CPU = Release|Any CPU
	EndGlobalSection
	GlobalSection(ProjectConfigurationPlatforms) = postSolution
		{EB158526-9B04-4DAB-82CB-5722BE5C4770}.Debug|Any CPU.ActiveCfg = Debug|Any CPU
		{EB158526-9B04-4DAB-82CB-5722BE5C4770}.Debug|Any CPU.Build.0 = Debug|Any CPU
		{EB158526-9B04-4DAB-82CB-5722BE5C4770}.Release|Any CPU.ActiveCfg = Release|Any CPU
		{EB158526-9B04-4DAB-82CB-5722BE5C4770}.Release|Any CPU.Build.0 = Release|Any CPU
		{75A7F290-DA67-4813-8701-9BBBE8D0A1F5}.Debug|Any CPU.ActiveCfg = Debug|Any CPU
		{75A7F290-DA67-4813-8701-9BBBE8D0A1F5}.Debug|Any CPU.Build.0 = Debug|Any CPU
		{75A7F290-DA67-4813-8701-9BBBE8D0A1F5}.Release|Any CPU.ActiveCfg = Release|Any CPU
		{75A7F290-DA67-4813-8701-9BBBE8D0A1F5}.Release|Any CPU.Build.0 = Release|Any CPU
		{010B61A9-FF1F-424E-BBED-32E80361C934}.Debug|Any CPU.ActiveCfg = Debug|Any CPU
		{010B61A9-FF1F-424E-BBED-32E80361C934}.Debug|Any CPU.Build.0 = Debug|Any CPU
		{010B61A9-FF1F-424E-BBED-32E80361C934}.Release|Any CPU.ActiveCfg = Release|Any CPU
		{010B61A9-FF1F-424E-BBED-32E80361C934}.Release|Any CPU.Build.0 = Release|Any CPU
	EndGlobalSection
EndGlobal
