
Microsoft Visual Studio Solution File, Format Version 12.00
Project("{FAE04EC0-301F-11D3-BF4B-00C04F79EFBC}") = "Lectures", "Lectures\Lectures.csproj", "{A683981B-42D8-4868-9BF9-DD58B3F46F45}"
EndProject
Project("{FAE04EC0-301F-11D3-BF4B-00C04F79EFBC}") = "Tasks", "Tasks\Tasks.csproj", "{D5546777-E0ED-4E39-AAD4-A56F37EBA10C}"
EndProject
Global
	GlobalSection(SolutionConfigurationPlatforms) = preSolution
		Debug|Any CPU = Debug|Any CPU
		Release|Any CPU = Release|Any CPU
	EndGlobalSection
	GlobalSection(ProjectConfigurationPlatforms) = postSolution
		{A683981B-42D8-4868-9BF9-DD58B3F46F45}.Debug|Any CPU.ActiveCfg = Debug|Any CPU
		{A683981B-42D8-4868-9BF9-DD58B3F46F45}.Debug|Any CPU.Build.0 = Debug|Any CPU
		{A683981B-42D8-4868-9BF9-DD58B3F46F45}.Release|Any CPU.ActiveCfg = Release|Any CPU
		{A683981B-42D8-4868-9BF9-DD58B3F46F45}.Release|Any CPU.Build.0 = Release|Any CPU
		{D5546777-E0ED-4E39-AAD4-A56F37EBA10C}.Debug|Any CPU.ActiveCfg = Debug|Any CPU
		{D5546777-E0ED-4E39-AAD4-A56F37EBA10C}.Debug|Any CPU.Build.0 = Debug|Any CPU
		{D5546777-E0ED-4E39-AAD4-A56F37EBA10C}.Release|Any CPU.ActiveCfg = Release|Any CPU
		{D5546777-E0ED-4E39-AAD4-A56F37EBA10C}.Release|Any CPU.Build.0 = Release|Any CPU
	EndGlobalSection
EndGlobal
