
Microsoft Visual Studio Solution File, Format Version 12.00
Project("{FAE04EC0-301F-11D3-BF4B-00C04F79EFBC}") = "Lectures", "Lectures\Lectures.csproj", "{1497452C-C620-4A86-B06C-40C438A31A7B}"
EndProject
Project("{FAE04EC0-301F-11D3-BF4B-00C04F79EFBC}") = "Tasks", "Tasks\Tasks.csproj", "{AD454ED6-A079-4104-B087-E3A07485C4AA}"
EndProject
Project("{FAE04EC0-301F-11D3-BF4B-00C04F79EFBC}") = "Playground", "Playground\Playground.csproj", "{C1B16EBA-6BE7-47D9-91BE-030E35CA01EF}"
EndProject
Global
	GlobalSection(SolutionConfigurationPlatforms) = preSolution
		Debug|Any CPU = Debug|Any CPU
		Release|Any CPU = Release|Any CPU
	EndGlobalSection
	GlobalSection(ProjectConfigurationPlatforms) = postSolution
		{1497452C-C620-4A86-B06C-40C438A31A7B}.Debug|Any CPU.ActiveCfg = Debug|Any CPU
		{1497452C-C620-4A86-B06C-40C438A31A7B}.Debug|Any CPU.Build.0 = Debug|Any CPU
		{1497452C-C620-4A86-B06C-40C438A31A7B}.Release|Any CPU.ActiveCfg = Release|Any CPU
		{1497452C-C620-4A86-B06C-40C438A31A7B}.Release|Any CPU.Build.0 = Release|Any CPU
		{AD454ED6-A079-4104-B087-E3A07485C4AA}.Debug|Any CPU.ActiveCfg = Debug|Any CPU
		{AD454ED6-A079-4104-B087-E3A07485C4AA}.Debug|Any CPU.Build.0 = Debug|Any CPU
		{AD454ED6-A079-4104-B087-E3A07485C4AA}.Release|Any CPU.ActiveCfg = Release|Any CPU
		{AD454ED6-A079-4104-B087-E3A07485C4AA}.Release|Any CPU.Build.0 = Release|Any CPU
		{C1B16EBA-6BE7-47D9-91BE-030E35CA01EF}.Debug|Any CPU.ActiveCfg = Debug|Any CPU
		{C1B16EBA-6BE7-47D9-91BE-030E35CA01EF}.Debug|Any CPU.Build.0 = Debug|Any CPU
		{C1B16EBA-6BE7-47D9-91BE-030E35CA01EF}.Release|Any CPU.ActiveCfg = Release|Any CPU
		{C1B16EBA-6BE7-47D9-91BE-030E35CA01EF}.Release|Any CPU.Build.0 = Release|Any CPU
	EndGlobalSection
EndGlobal
